# THIS IS AN AUTOGENERATED FILE. DO NOT EDIT THIS FILE DIRECTLY.
assets/ajax-loader.gif:
  development: 2016-09-27T12:53:23-05:00   deca8b0ecd6974227d157b6d7068995d
assets/gift-card.scss.liquid:
  development: 2016-09-27T12:53:23-05:00   d60e2b6232148729e3840fb91b1464fc
assets/ico-select.svg.liquid:
  development: 2016-09-27T12:53:23-05:00   55a5940ff82147865b6ac5aecb1a9b7d
assets/match-media.min.js:
  development: 2016-09-27T12:53:23-05:00   d0bf06c458a236dcca39b3be8cf80ec5
assets/password.js:
  development: 2016-09-27T12:53:23-05:00   109d9e1d6664bd0741a3e93f72cd3690
assets/theme.js:
  development: 2016-10-03T15:37:35-05:00   adc7e66641b5142b62d225a56ba0b078
assets/theme.scss.liquid:
  development: 2016-10-06T09:23:54-05:00   96a2e511b585487e56a90690e385b214
assets/vendor.js:
  development: 2016-09-27T12:53:24-05:00   f523d6eb9ce902f8dc07578d675a7a7b
config/settings_schema.json:
  development: 2016-12-08T23:13:11-06:00   3090561a3576146eecc1dab8ccc9466a
layout/gift_card.liquid:
  development: 2016-09-27T12:53:24-05:00   34c694426aad1b9acb6c5cba24ef689c
layout/password.liquid:
  development: 2016-10-06T09:23:54-05:00   5cf25185472b23820160c009d5c53672
layout/theme.liquid:
  development: 2017-07-11T15:10:32-05:00   1f63e89718bbb84db240dcc09c0a7873
locales/de.json:
  development: 2016-10-06T09:23:54-05:00   2227c9084e6c91e45b51d52dfe97ab6d
locales/en.default.json:
  development: 2016-10-06T09:23:54-05:00   c7570d50874abae5ae29db76d2aa06dd
locales/es.json:
  development: 2016-10-06T09:23:54-05:00   fe3941459cb4c057beaa8a387b5554f2
locales/fr.json:
  development: 2016-10-06T09:23:54-05:00   ac068c5d3f63c59b84d06dc6ecb7abf3
locales/pt-BR.json:
  development: 2016-10-06T09:23:54-05:00   da62c09353aa9289c65a4957d137cc09
locales/pt-PT.json:
  development: 2016-10-06T09:23:54-05:00   14635f0e29455ce68b67a3f807cc0eb3
sections/article-template.liquid:
  development: 2016-12-20T15:49:10-06:00   5d778688062ff068b492d9ab28f540e4
sections/blog-template-full-width-images.liquid:
  development: 2017-01-03T11:25:31-06:00   5e031dcae555330af3ec9b221bedeae6
sections/blog-template.liquid:
  development: 2016-10-06T09:23:54-05:00   bca5c7962f8537b760f7d5e83c8f79e0
sections/cart-template.liquid:
  development: 2016-09-27T12:53:22-05:00   0761a357f993ba32f56156aa023ace5f
sections/collection-filtered.liquid:
  development: 2017-05-30T14:56:00-05:00   93466f9e939d0c205c9119ba30e83791
sections/collection-list.liquid:
  development: 2016-09-27T12:53:22-05:00   38cce15b72243a96c7c2e4705a9e4241
sections/collection-template-meta.liquid:
  development: 2017-12-13T11:52:53-06:00   7eabfea601604f27157fc4b5cc4d316f
sections/collection-template.liquid:
  development: 2016-10-03T08:43:18-05:00   c9a47835c3792c2a965571714b428313
sections/collection.liquid:
  development: 2016-10-03T08:43:18-05:00   3f350696c889175a239332da1a97a5a7
sections/custom-content.liquid:
  development: 2016-09-27T12:53:22-05:00   758e87e51f03ec47c2d80f1dc53b2c67
sections/feature-columns.liquid:
  development: 2016-09-27T12:53:22-05:00   2a43edb03c93035def312e79ef40f817
sections/feature-row.liquid:
  development: 2016-09-27T12:53:22-05:00   9e584d46b4e9accb40b4cd695d06ef13
sections/featured-blog.liquid:
  development: 2016-12-20T14:24:28-06:00   ac9622645c447429a2da266dea5e5fd1
sections/featured-product.liquid:
  development: 2016-10-03T08:43:18-05:00   d96af0ffb244722f42c5556855e56e3b
sections/footer.liquid:
  development: 2016-09-28T15:09:16-05:00   a51a72d6381f15ea7154ef4be1cc86dc
sections/galleries-list.liquid:
  development: 2016-12-08T22:24:51-06:00   f63554e1dc7a260e6fed62904286509a
sections/gallery.liquid:
  development: 2016-12-08T13:41:12-06:00   89e199f71376246b4516dab935499fc3
sections/header.liquid:
  development: 2016-09-28T15:58:47-05:00   e7b4e80f931536853b70a4801798a9f7
sections/hero-video.liquid:
  development: 2017-05-30T12:36:19-05:00   efecaeff222a75e98e884377d4460769
sections/hero.liquid:
  development: 2016-09-29T14:32:01-05:00   cdc189435f7f62babb85b2a033f65d94
sections/hyper-app.liquid:
  development: 2017-07-08T13:53:58-05:00   04302a14e5fc1d986aed2115dac11ceb
sections/hyper-stash.liquid:
  development: 2017-08-23T10:52:09-05:00   cec61b5c8c17f4a2a9b763ce2422bf26
sections/image-bar.liquid:
  development: 2016-12-11T15:52:00-06:00   c054cc82e20e97a4f194b9eff73be308
sections/logo-bar.liquid:
  development: 2016-09-27T12:53:22-05:00   78824ddecec5d7a724790405e1c26201
sections/map.liquid:
  development: 2016-09-27T12:53:22-05:00   6b1bb01477c504f75d55d42ff5b1f1d2
sections/meet-the-team.liquid:
  development: 2016-12-20T17:24:39-06:00   44a9ed9127aad8503ba599b3e6122f4f
sections/page-content-rows-with-text.liquid:
  development: 2016-12-20T16:24:41-06:00   5e16575ca373955f0080a342577b35ad
sections/page-css-only-expandable-grid.liquid:
  development: 2017-07-07T19:50:37-05:00   02843e53d47da55abd9faadd55e9c302
sections/page-film.liquid:
  development: 2016-12-20T13:14:24-06:00   cad82532ac493def9b2cf3886ca5fd7c
sections/page-info-sidebar.liquid:
  development: 2017-11-28T15:26:46-06:00   75de596d1ae493833ce610edefb67126
sections/page-press.liquid:
  development: 2016-12-20T13:57:30-06:00   23f321dea5b41fd406576f99861ca277
sections/password-content.liquid:
  development: 2016-10-06T09:23:54-05:00   9721fd551ee60cf8fd27472619ea5fdb
sections/password-footer.liquid:
  development: 2016-10-06T09:23:54-05:00   7083627dfd4fcc29debe9a5dc00c0e67
sections/password-header.liquid:
  development: 2016-10-06T09:23:54-05:00   09d562987b4c5cb05bde3e60b565eebb
sections/product-image-slider.liquid:
  development: 2017-08-28T22:59:26-05:00   c1b1e4080169999917cc373c4058b1f5
sections/product-template.liquid:
  development: 2017-11-01T10:54:21-05:00   9ad662b2cce99332af7b4e44d84b0c18
sections/quotes.liquid:
  development: 2016-09-27T12:53:22-05:00   d98fbd40783c81807fc13d5d8f3a316a
sections/scheduled-slider.liquid:
  development: 2017-06-12T12:26:54-05:00   e80a31e34f6550a4c0756be79a567b4c
sections/slideshow.liquid:
  development: 2017-06-02T14:17:38-05:00   af45e429ea8f1fdd9e2c4958a1e22299
snippets/collection-grid-item.liquid:
  development: 2016-09-27T12:53:24-05:00   32177195fe345e0d44d0a88948301f4a
snippets/comment.liquid:
  development: 2016-10-06T09:23:54-05:00   50406c82467014e1bbe15a62685b2536
snippets/dynamic-filters.liquid:
  development: 2017-05-30T15:23:11-05:00   79c3dbca6d22eb7fb8ed1fde661c1f88
snippets/google-fonts.liquid:
  development: 2016-09-27T12:53:24-05:00   377ddc183ac7882100f47299bb8e0467
snippets/icon-amazon_payments.liquid:
  development: 2016-09-27T12:53:24-05:00   ec8359cdda389706cc36ae917892d93f
snippets/icon-american_express.liquid:
  development: 2016-09-27T12:53:24-05:00   9da829decce6867b8de60a183c94d099
snippets/icon-apple_pay.liquid:
  development: 2016-09-28T15:09:16-05:00   e82e7acc46479ea2173926f8fad55db0
snippets/icon-arrow-down.liquid:
  development: 2016-09-27T12:53:24-05:00   5f04b092b5cf026cd6fab3f33ebdf036
snippets/icon-arrow-left.liquid:
  development: 2016-09-27T12:53:24-05:00   5abf8c4c69967103f685014dcc88a6e7
snippets/icon-arrow-right.liquid:
  development: 2016-09-27T12:53:24-05:00   45f24673c43655e9275d1ba99d814374
snippets/icon-bitcoin.liquid:
  development: 2016-09-27T12:53:24-05:00   d8cb31e0401818c1cb852348b6f27420
snippets/icon-cart.liquid:
  development: 2016-09-27T12:53:24-05:00   c9de61c7db365e0090f7ca5423b633e6
snippets/icon-chevron-down.liquid:
  development: 2016-09-27T12:53:24-05:00   7d3a8cd08370aa9d2a88ae542446a181
snippets/icon-chevron-left.liquid:
  development: 2016-09-27T12:53:24-05:00   6290d56c32e8ac47abe4a4f4d90ed032
snippets/icon-chevron-right.liquid:
  development: 2016-09-27T12:53:24-05:00   41842e53e7b826a0d260e2ccffbfdab1
snippets/icon-chevron-up.liquid:
  development: 2016-09-27T12:53:24-05:00   4df1e02c8789418fc53d48e2913daf49
snippets/icon-cirrus.liquid:
  development: 2016-09-27T12:53:24-05:00   fcbd6ce7e38d7946c921c8ed6ad5ca71
snippets/icon-close.liquid:
  development: 2016-09-27T12:53:24-05:00   a04fce17a63e760b9bce76768ee29feb
snippets/icon-dankort.liquid:
  development: 2016-09-27T12:53:24-05:00   796e1e822b3e46784d303b48c9db5b29
snippets/icon-diners_club.liquid:
  development: 2016-09-27T12:53:24-05:00   cf70ea54486bb14c286264f90dab9ff8
snippets/icon-discover.liquid:
  development: 2016-09-27T12:53:24-05:00   b43221b39bc3df37f7e6c7810d3e54d8
snippets/icon-dogecoin.liquid:
  development: 2016-09-27T12:53:24-05:00   6a35f5db9eb93d1ed563c6989ff30798
snippets/icon-dwolla.liquid:
  development: 2016-09-27T12:53:24-05:00   aeb86f67aad84adaf7635d2043cb89a9
snippets/icon-facebook.liquid:
  development: 2016-09-27T12:53:24-05:00   334588042b292f2d7335fd2791c35eca
snippets/icon-forbrugsforeningen.liquid:
  development: 2016-09-27T12:53:24-05:00   ff962a94f23046340766c215b0f14a52
snippets/icon-hamburger.liquid:
  development: 2016-09-27T12:53:24-05:00   559577e06ff14924311cfe2642e8b765
snippets/icon-instagram.liquid:
  development: 2016-09-27T12:53:24-05:00   bf50214819f6e2a5f053593e2414526d
snippets/icon-interac.liquid:
  development: 2016-09-27T12:53:24-05:00   24c4d22a98c0574c32fc02fe39e34b80
snippets/icon-jcb.liquid:
  development: 2016-09-27T12:53:24-05:00   275259ce80a1b368d0e5afcf7d6bb6f3
snippets/icon-laser.liquid:
  development: 2016-09-27T12:53:24-05:00   bd1a0ecfe958b6a6e84bf80e0669a6da
snippets/icon-litecoin.liquid:
  development: 2016-09-27T12:53:24-05:00   051dfcb36fa17b532a087b12f0a49e0e
snippets/icon-lock.liquid:
  development: 2016-09-27T12:53:24-05:00   60ae7ba03d14efa582faed8855821a58
snippets/icon-maestro.liquid:
  development: 2016-09-27T12:53:24-05:00   b987e558ecad607661489939ec8ca524
snippets/icon-master.liquid:
  development: 2016-09-27T12:53:24-05:00   7be93970b63c2fd0e2b319a35c00a9d7
snippets/icon-minus.liquid:
  development: 2016-09-27T12:53:24-05:00   78c513424d498299e865f8a242823ad0
snippets/icon-pause.liquid:
  development: 2016-09-27T12:53:24-05:00   99e785a63af3ab0a7ccd9c5551ea8910
snippets/icon-paypal.liquid:
  development: 2016-09-27T12:53:24-05:00   1b0d7db160b229b8519cccf2514ee676
snippets/icon-pinterest.liquid:
  development: 2016-09-27T12:53:24-05:00   701f2a785b3fa83d63e3ab54af060031
snippets/icon-play-video.liquid:
  development: 2016-09-27T12:53:25-05:00   f0b736a271f33b83b319b2d04e61aa2b
snippets/icon-play.liquid:
  development: 2016-09-27T12:53:25-05:00   31ff2901a9fd0f32ebc4c05748e7aa5d
snippets/icon-plus.liquid:
  development: 2016-09-27T12:53:25-05:00   ba5297f64eb7ea97f1785e8166e11231
snippets/icon-quote.liquid:
  development: 2016-09-27T12:53:25-05:00   e710949f7a142dfc3c4fac15c33bb2fa
snippets/icon-rss.liquid:
  development: 2016-09-27T12:53:25-05:00   6493d6bcb850513a55823d4ff62b0f8b
snippets/icon-search.liquid:
  development: 2016-09-27T12:53:25-05:00   7a6bf8d43770ed3a16cb22001718b87e
snippets/icon-shopify-logo.liquid:
  development: 2016-09-27T12:53:25-05:00   3f0b70f9e01be5b25507d25a732ecde7
snippets/icon-snapchat.liquid:
  development: 2016-09-27T12:53:25-05:00   9ed6937e3232c9034976be2b8ed9f673
snippets/icon-stripe.liquid:
  development: 2016-09-27T12:53:25-05:00   208713954dff9de98f800df59763615d
snippets/icon-tumblr.liquid:
  development: 2016-09-27T12:53:25-05:00   d71a4ada77a8a9b6bd792bdafef393de
snippets/icon-twitter.liquid:
  development: 2016-09-27T12:53:25-05:00   24047c22697a23a0baabf2804adc6c11
snippets/icon-vimeo.liquid:
  development: 2016-09-27T12:53:25-05:00   a229ed8a1a81e6ef95ad621f8a34efb6
snippets/icon-visa.liquid:
  development: 2016-09-27T12:53:25-05:00   9098533cd59e385d2672f6d8b7fa4b04
snippets/icon-youtube.liquid:
  development: 2016-09-27T12:53:25-05:00   9d72c5bc3eaa14a3e7aefd921881b1ae
snippets/image-gallery.liquid:
  development: 2016-12-08T21:35:52-06:00   944c005c3060c9cf8de704cb1e49fd48
snippets/no-blocks.liquid:
  development: 2016-09-27T12:53:25-05:00   0cb7d758b6df0feb07ae5804b4b627fa
snippets/pagination.liquid:
  development: 2016-09-27T12:53:25-05:00   21eb22fbf93da5d96f2d111ce4784463
snippets/product-addon.liquid:
  development: 2017-08-10T10:45:24-05:00   48ad27db834f515d0202c762e6ee2d12
snippets/product-card-grid.liquid:
  development: 2016-10-03T08:43:18-05:00   732100b10b4625e23ed0de2342164dd4
snippets/product-card-list.liquid:
  development: 2016-10-03T08:43:18-05:00   898b8a77dfc3cc9d7ea5a1a95e3b2cb0
snippets/product-price.liquid:
  development: 2016-09-27T12:53:25-05:00   4f6041064e0551da9b0a170ce1e9475f
snippets/product-tabs.liquid:
  development: 2017-11-01T10:57:17-05:00   3891aff523a6266551477730911a645d
snippets/search-form.liquid:
  development: 2016-09-27T12:53:25-05:00   28a50f2542fd28c27fd3eb50ae816c46
snippets/site-nav.liquid:
  development: 2016-09-29T14:32:01-05:00   78905a9984ade60a4f967fae753917a4
snippets/social-meta-tags.liquid:
  development: 2016-09-27T12:53:25-05:00   d24d63f391977cae89d8c228f5c61587
snippets/social-sharing.liquid:
  development: 2016-09-27T12:53:25-05:00   df66127392b32e401ac2dd2963c78047
templates/404.liquid:
  development: 2016-09-27T12:53:25-05:00   805b16263cdf5c85be9c507ad6b03623
templates/article.gallery.liquid:
  development: 2016-12-11T14:57:50-06:00   95a694b2cfd6e32c00305bbfa267ed22
templates/article.liquid:
  development: 2016-12-20T14:29:50-06:00   6373216b9834343beb8bc8711a2f6df5
templates/blog.full-width-images.liquid:
  development: 2017-01-03T11:27:53-06:00   b4350378b34c5bb81945e836dc98dac8
templates/blog.gallery.liquid:
  development: 2016-12-11T14:58:04-06:00   02bd6c5a55d29139ba1933e3ee8b149d
templates/blog.liquid:
  development: 2016-09-27T12:53:25-05:00   2d9763b480fe6879080163b1e0e33e54
templates/cart.liquid:
  development: 2016-09-27T12:53:25-05:00   714b4b7c62d583b231f339bbd1b85d03
templates/collection.filtered.liquid:
  development: 2017-05-30T14:55:08-05:00   99c0cf75990b22a77a64ab85d2214172
templates/collection.hyper.liquid:
  development: 2017-07-11T14:48:53-05:00   c677a037a7589de06e90373599207010
templates/collection.liquid:
  development: 2016-09-27T12:53:25-05:00   5db0256874fca1cc72a6f068888fe095
templates/collection.metafield-description.liquid:
  development: 2017-12-13T11:41:52-06:00   108917917d97f0bfd0cca290f37bfb11
templates/customers/account.liquid:
  development: 2016-09-27T12:53:25-05:00   2150e58e96e6435f4449d4a71b395aa6
templates/customers/activate_account.liquid:
  development: 2016-09-27T12:53:25-05:00   857243216dbada72fb0fc9bc256da757
templates/customers/addresses.liquid:
  development: 2016-09-27T12:53:25-05:00   f430f4d7180c00a1e2c058124c26c0e9
templates/customers/login.liquid:
  development: 2016-09-27T12:53:25-05:00   28ed5c6acf621c8b4523bbc178f97955
templates/customers/order.liquid:
  development: 2016-09-27T12:53:25-05:00   1293617a6f9aa8d346bce03b68d79921
templates/customers/register.liquid:
  development: 2016-09-27T12:53:25-05:00   fcf72eba28fe5737b6be507228b2f5fc
templates/customers/reset_password.liquid:
  development: 2016-09-27T12:53:25-05:00   e80703307e36b8b5dd428463bace82cc
templates/gift_card.liquid:
  development: 2016-09-27T12:53:25-05:00   16c95e9922ddd30e37f0cf018e86597c
templates/index.liquid:
  development: 2017-08-31T18:16:00-05:00   56b51b6f96394db4b17c64b43e1c0010
templates/list-collections.liquid:
  development: 2016-09-27T12:53:25-05:00   15196b39880ae82958038821e31de5c9
templates/page.contact.liquid:
  development: 2016-09-27T12:53:25-05:00   854f7fd02acf64bc9ce31bfd6994f791
templates/page.content-rows-with-text.liquid:
  development: 2016-12-20T14:11:42-06:00   5e1e3ae96df5944fad9c4eff42a2a534
templates/page.css-only-expanding-grid.liquid:
  development: 2017-03-27T11:03:16-05:00   8b6219073e5b02eaa67e15e67d0b9d36
templates/page.film.liquid:
  development: 2016-12-20T13:18:19-06:00   63e4db922bef32281b03d94cbd959011
templates/page.liquid:
  development: 2016-12-20T13:16:15-06:00   26f97d3355078de5c6678ed3b34ad7f6
templates/page.meet-the-team.liquid:
  development: 2016-12-20T17:18:56-06:00   275714459f208b8551f7a65593c1c3bb
templates/page.meta-counter.liquid:
  development: 2017-03-21T12:53:13-05:00   3fb50e55864b3d64b9dad0501431b345
templates/page.press.liquid:
  development: 2016-12-20T13:18:08-06:00   22e6e84039406349c96d34fe3ea1eb77
templates/page.sidebar.liquid:
  development: 2017-11-28T15:15:11-06:00   ce544019096118164a85c64ff9879daf
templates/page.styles.liquid:
  development: 2016-09-27T12:53:25-05:00   697b17ec97259b7ce145d677a8234be6
templates/page.voting-form.liquid:
  development: 2017-08-31T18:10:37-05:00   9dde0e24202808cf853b37e6dd62665a
templates/password.liquid:
  development: 2016-10-06T09:23:54-05:00   30d1743d26765ce8c3fa53a3fdf9524f
templates/product.image-slider.liquid:
  development: 2017-08-28T22:51:33-05:00   5c047e574d87ab5cd9591c933180abd1
templates/product.liquid:
  development: 2016-09-27T12:53:25-05:00   104c9411752892755502b61349a31329
templates/search.liquid:
  development: 2016-09-27T12:53:25-05:00   6e8bfd01622f992bf20c908bfb83337d
